
Microsoft Visual Studio Solution File, Format Version 12.00
# Visual Studio Version 17
VisualStudioVersion = 17.11.35327.3
MinimumVisualStudioVersion = 10.0.40219.1
Project("{9A19103F-16F7-4668-BE54-9A1E7A4F7556}") = "DrosimEditor", "DrosimEditor\DrosimEditor.csproj", "{13368555-EA07-4E6C-AC3B-B6F39BF50CC0}"
EndProject
Project("{8BC9CEB8-8B4A-11D0-8D11-00A0C91BC942}") = "DroneSim", "DroneSim\DroneSim.vcxproj", "{EA2EE061-58F1-4FB4-A4CF-652E229D4FEC}"
EndProject
Project("{8BC9CEB8-8B4A-11D0-8D11-00A0C91BC942}") = "EngineTest", "EngineTest\EngineTest.vcxproj", "{387CF2EC-FFAC-47F1-A35D-FAE5B21503D2}"
EndProject
Project("{8BC9CEB8-8B4A-11D0-8D11-00A0C91BC942}") = "EngineDLL", "EngineDLL\EngineDLL.vcxproj", "{997C12E5-A455-465C-843A-DD338919C2D7}"
EndProject
Global
	GlobalSection(SolutionConfigurationPlatforms) = preSolution
		Debug|x64 = Debug|x64
		Debug|x86 = Debug|x86
		Release|x64 = Release|x64
		Release|x86 = Release|x86
	EndGlobalSection
	GlobalSection(ProjectConfigurationPlatforms) = postSolution
		{13368555-EA07-4E6C-AC3B-B6F39BF50CC0}.Debug|x64.ActiveCfg = Debug|Any CPU
		{13368555-EA07-4E6C-AC3B-B6F39BF50CC0}.Debug|x64.Build.0 = Debug|Any CPU
		{13368555-EA07-4E6C-AC3B-B6F39BF50CC0}.Debug|x86.ActiveCfg = Debug|Any CPU
		{13368555-EA07-4E6C-AC3B-B6F39BF50CC0}.Debug|x86.Build.0 = Debug|Any CPU
		{13368555-EA07-4E6C-AC3B-B6F39BF50CC0}.Release|x64.ActiveCfg = Release|Any CPU
		{13368555-EA07-4E6C-AC3B-B6F39BF50CC0}.Release|x64.Build.0 = Release|Any CPU
		{13368555-EA07-4E6C-AC3B-B6F39BF50CC0}.Release|x86.ActiveCfg = Release|Any CPU
		{13368555-EA07-4E6C-AC3B-B6F39BF50CC0}.Release|x86.Build.0 = Release|Any CPU
		{EA2EE061-58F1-4FB4-A4CF-652E229D4FEC}.Debug|x64.ActiveCfg = Debug|x64
		{EA2EE061-58F1-4FB4-A4CF-652E229D4FEC}.Debug|x64.Build.0 = Debug|x64
		{EA2EE061-58F1-4FB4-A4CF-652E229D4FEC}.Debug|x86.ActiveCfg = Debug|x64
		{EA2EE061-58F1-4FB4-A4CF-652E229D4FEC}.Debug|x86.Build.0 = Debug|x64
		{EA2EE061-58F1-4FB4-A4CF-652E229D4FEC}.Release|x64.ActiveCfg = Release|x64
		{EA2EE061-58F1-4FB4-A4CF-652E229D4FEC}.Release|x64.Build.0 = Release|x64
		{EA2EE061-58F1-4FB4-A4CF-652E229D4FEC}.Release|x86.ActiveCfg = Release|x64
		{EA2EE061-58F1-4FB4-A4CF-652E229D4FEC}.Release|x86.Build.0 = Release|x64
		{387CF2EC-FFAC-47F1-A35D-FAE5B21503D2}.Debug|x64.ActiveCfg = Debug|x64
		{387CF2EC-FFAC-47F1-A35D-FAE5B21503D2}.Debug|x64.Build.0 = Debug|x64
		{387CF2EC-FFAC-47F1-A35D-FAE5B21503D2}.Debug|x86.ActiveCfg = Debug|Win32
		{387CF2EC-FFAC-47F1-A35D-FAE5B21503D2}.Debug|x86.Build.0 = Debug|Win32
		{387CF2EC-FFAC-47F1-A35D-FAE5B21503D2}.Release|x64.ActiveCfg = Release|x64
		{387CF2EC-FFAC-47F1-A35D-FAE5B21503D2}.Release|x64.Build.0 = Release|x64
		{387CF2EC-FFAC-47F1-A35D-FAE5B21503D2}.Release|x86.ActiveCfg = Release|Win32
		{387CF2EC-FFAC-47F1-A35D-FAE5B21503D2}.Release|x86.Build.0 = Release|Win32
		{997C12E5-A455-465C-843A-DD338919C2D7}.Debug|x64.ActiveCfg = Debug|x64
		{997C12E5-A455-465C-843A-DD338919C2D7}.Debug|x64.Build.0 = Debug|x64
		{997C12E5-A455-465C-843A-DD338919C2D7}.Debug|x86.ActiveCfg = Debug|Win32
		{997C12E5-A455-465C-843A-DD338919C2D7}.Debug|x86.Build.0 = Debug|Win32
		{997C12E5-A455-465C-843A-DD338919C2D7}.Release|x64.ActiveCfg = Release|x64
		{997C12E5-A455-465C-843A-DD338919C2D7}.Release|x64.Build.0 = Release|x64
		{997C12E5-A455-465C-843A-DD338919C2D7}.Release|x86.ActiveCfg = Release|Win32
		{997C12E5-A455-465C-843A-DD338919C2D7}.Release|x86.Build.0 = Release|Win32
	EndGlobalSection
	GlobalSection(SolutionProperties) = preSolution
		HideSolutionNode = FALSE
	EndGlobalSection
	GlobalSection(ExtensibilityGlobals) = postSolution
		SolutionGuid = {4AEC274B-DA3B-4343-9F17-9EA44D68C78D}
	EndGlobalSection
EndGlobal
